
Microsoft Visual Studio Solution File, Format Version 12.00
# Visual Studio Version 17
VisualStudioVersion = 17.9.34728.123
MinimumVisualStudioVersion = 10.0.40219.1
Project("{FAE04EC0-301F-11D3-BF4B-00C04F79EFBC}") = "IndexOptimizer", "IndexOptimizer\IndexOptimizer.csproj", "{831E7993-935D-4EE3-9703-CCA526BDF84E}"
EndProject
Global
	GlobalSection(SolutionConfigurationPlatforms) = preSolution
		Debug|Any CPU = Debug|Any CPU
		Release|Any CPU = Release|Any CPU
	EndGlobalSection
	GlobalSection(ProjectConfigurationPlatforms) = postSolution
		{831E7993-935D-4EE3-9703-CCA526BDF84E}.Debug|Any CPU.ActiveCfg = Debug|Any CPU
		{831E7993-935D-4EE3-9703-CCA526BDF84E}.Debug|Any CPU.Build.0 = Debug|Any CPU
		{831E7993-935D-4EE3-9703-CCA526BDF84E}.Release|Any CPU.ActiveCfg = Release|Any CPU
		{831E7993-935D-4EE3-9703-CCA526BDF84E}.Release|Any CPU.Build.0 = Release|Any CPU
	EndGlobalSection
	GlobalSection(SolutionProperties) = preSolution
		HideSolutionNode = FALSE
	EndGlobalSection
	GlobalSection(ExtensibilityGlobals) = postSolution
		SolutionGuid = {B2977D0C-9C76-42C5-B97D-774647000AE9}
	EndGlobalSection
EndGlobal
